// !$*UTF8*$!
{
	archiveVersion = 1;
	classes = {
	};
	objectVersion = 55;
	objects = {

/* Begin PBXBuildFile section */
		8708173F27E144C10015D5CE /*  TitleViewModel.swift in Sources */ = {isa = PBXBuildFile; fileRef = 8708173E27E144C10015D5CE /*  TitleViewModel.swift */; };
		8756B01827C0B4B800097995 /* AppDelegate.swift in Sources */ = {isa = PBXBuildFile; fileRef = 8756B01727C0B4B800097995 /* AppDelegate.swift */; };
		8756B01A27C0B4B800097995 /* SceneDelegate.swift in Sources */ = {isa = PBXBuildFile; fileRef = 8756B01927C0B4B800097995 /* SceneDelegate.swift */; };
		8756B01C27C0B4B800097995 /* MainTabBarViewController.swift in Sources */ = {isa = PBXBuildFile; fileRef = 8756B01B27C0B4B800097995 /* MainTabBarViewController.swift */; };
		8756B02127C0B4B900097995 /* Assets.xcassets in Resources */ = {isa = PBXBuildFile; fileRef = 8756B02027C0B4B900097995 /* Assets.xcassets */; };
		8756B02427C0B4B900097995 /* LaunchScreen.storyboard in Resources */ = {isa = PBXBuildFile; fileRef = 8756B02227C0B4B900097995 /* LaunchScreen.storyboard */; };
		8756B02D27C0BEEB00097995 /* HomeViewController.swift in Sources */ = {isa = PBXBuildFile; fileRef = 8756B02C27C0BEEB00097995 /* HomeViewController.swift */; };
		8756B02F27C0BF3100097995 /* UpcomingViewController.swift in Sources */ = {isa = PBXBuildFile; fileRef = 8756B02E27C0BF3100097995 /* UpcomingViewController.swift */; };
		8756B03127C0BF5D00097995 /* SearchViewController.swift in Sources */ = {isa = PBXBuildFile; fileRef = 8756B03027C0BF5D00097995 /* SearchViewController.swift */; };
		8756B03327C0BFA700097995 /* DownloadsViewController.swift in Sources */ = {isa = PBXBuildFile; fileRef = 8756B03227C0BFA700097995 /* DownloadsViewController.swift */; };
		8779833D27C1619C005856A8 /* CollectionViewTableViewCell.swift in Sources */ = {isa = PBXBuildFile; fileRef = 8779833C27C1619C005856A8 /* CollectionViewTableViewCell.swift */; };
		8779833F27C2121E005856A8 /* HeroHeaderUIView.swift in Sources */ = {isa = PBXBuildFile; fileRef = 8779833E27C2121E005856A8 /* HeroHeaderUIView.swift */; };
		87A78F1D27D4929900020023 /* Title.swift in Sources */ = {isa = PBXBuildFile; fileRef = 87A78F1C27D4929900020023 /* Title.swift */; };
		87A78F1F27D4CB9600020023 /* Extenshions.swift in Sources */ = {isa = PBXBuildFile; fileRef = 87A78F1E27D4CB9600020023 /* Extenshions.swift */; };
		87DAD36327C6C22100AB806B /* APICaller.swift in Sources */ = {isa = PBXBuildFile; fileRef = 87DAD36227C6C22100AB806B /* APICaller.swift */; };
		87FCFF2F27DDA79A0064E76C /* TitileCollectionViewCell.swift in Sources */ = {isa = PBXBuildFile; fileRef = 87FCFF2E27DDA79A0064E76C /* TitileCollectionViewCell.swift */; };
		87FCFF3227DDF72A0064E76C /* SDWebImage in Frameworks */ = {isa = PBXBuildFile; productRef = 87FCFF3127DDF72A0064E76C /* SDWebImage */; };
		87FCFF3427DDF72A0064E76C /* SDWebImageMapKit in Frameworks */ = {isa = PBXBuildFile; productRef = 87FCFF3327DDF72A0064E76C /* SDWebImageMapKit */; };
		87FCFF3627DFC6720064E76C /* TitleTableViewCell.swift in Sources */ = {isa = PBXBuildFile; fileRef = 87FCFF3527DFC6720064E76C /* TitleTableViewCell.swift */; };
/* End PBXBuildFile section */

/* Begin PBXFileReference section */
		8708173E27E144C10015D5CE /*  TitleViewModel.swift */ = {isa = PBXFileReference; lastKnownFileType = sourcecode.swift; path = " TitleViewModel.swift"; sourceTree = "<group>"; };
		8756B01427C0B4B800097995 /* Netflix Clone.app */ = {isa = PBXFileReference; explicitFileType = wrapper.application; includeInIndex = 0; path = "Netflix Clone.app"; sourceTree = BUILT_PRODUCTS_DIR; };
		8756B01727C0B4B800097995 /* AppDelegate.swift */ = {isa = PBXFileReference; lastKnownFileType = sourcecode.swift; path = AppDelegate.swift; sourceTree = "<group>"; };
		8756B01927C0B4B800097995 /* SceneDelegate.swift */ = {isa = PBXFileReference; lastKnownFileType = sourcecode.swift; path = SceneDelegate.swift; sourceTree = "<group>"; };
		8756B01B27C0B4B800097995 /* MainTabBarViewController.swift */ = {isa = PBXFileReference; lastKnownFileType = sourcecode.swift; path = MainTabBarViewController.swift; sourceTree = "<group>"; };
		8756B02027C0B4B900097995 /* Assets.xcassets */ = {isa = PBXFileReference; lastKnownFileType = folder.assetcatalog; path = Assets.xcassets; sourceTree = "<group>"; };
		8756B02327C0B4B900097995 /* Base */ = {isa = PBXFileReference; lastKnownFileType = file.storyboard; name = Base; path = Base.lproj/LaunchScreen.storyboard; sourceTree = "<group>"; };
		8756B02527C0B4B900097995 /* Info.plist */ = {isa = PBXFileReference; lastKnownFileType = text.plist.xml; path = Info.plist; sourceTree = "<group>"; };
		8756B02C27C0BEEB00097995 /* HomeViewController.swift */ = {isa = PBXFileReference; lastKnownFileType = sourcecode.swift; path = HomeViewController.swift; sourceTree = "<group>"; };
		8756B02E27C0BF3100097995 /* UpcomingViewController.swift */ = {isa = PBXFileReference; lastKnownFileType = sourcecode.swift; path = UpcomingViewController.swift; sourceTree = "<group>"; };
		8756B03027C0BF5D00097995 /* SearchViewController.swift */ = {isa = PBXFileReference; lastKnownFileType = sourcecode.swift; path = SearchViewController.swift; sourceTree = "<group>"; };
		8756B03227C0BFA700097995 /* DownloadsViewController.swift */ = {isa = PBXFileReference; lastKnownFileType = sourcecode.swift; path = DownloadsViewController.swift; sourceTree = "<group>"; };
		8779833C27C1619C005856A8 /* CollectionViewTableViewCell.swift */ = {isa = PBXFileReference; lastKnownFileType = sourcecode.swift; path = CollectionViewTableViewCell.swift; sourceTree = "<group>"; };
		8779833E27C2121E005856A8 /* HeroHeaderUIView.swift */ = {isa = PBXFileReference; lastKnownFileType = sourcecode.swift; path = HeroHeaderUIView.swift; sourceTree = "<group>"; };
		87A78F1C27D4929900020023 /* Title.swift */ = {isa = PBXFileReference; lastKnownFileType = sourcecode.swift; path = Title.swift; sourceTree = "<group>"; };
		87A78F1E27D4CB9600020023 /* Extenshions.swift */ = {isa = PBXFileReference; lastKnownFileType = sourcecode.swift; path = Extenshions.swift; sourceTree = "<group>"; };
		87DAD36227C6C22100AB806B /* APICaller.swift */ = {isa = PBXFileReference; lastKnownFileType = sourcecode.swift; path = APICaller.swift; sourceTree = "<group>"; };
		87FCFF2E27DDA79A0064E76C /* TitileCollectionViewCell.swift */ = {isa = PBXFileReference; lastKnownFileType = sourcecode.swift; path = TitileCollectionViewCell.swift; sourceTree = "<group>"; };
		87FCFF3527DFC6720064E76C /* TitleTableViewCell.swift */ = {isa = PBXFileReference; lastKnownFileType = sourcecode.swift; path = TitleTableViewCell.swift; sourceTree = "<group>"; };
/* End PBXFileReference section */

/* Begin PBXFrameworksBuildPhase section */
		8756B01127C0B4B800097995 /* Frameworks */ = {
			isa = PBXFrameworksBuildPhase;
			buildActionMask = 2147483647;
			files = (
				87FCFF3427DDF72A0064E76C /* SDWebImageMapKit in Frameworks */,
				87FCFF3227DDF72A0064E76C /* SDWebImage in Frameworks */,
			);
			runOnlyForDeploymentPostprocessing = 0;
		};
/* End PBXFrameworksBuildPhase section */

/* Begin PBXGroup section */
		8756B00B27C0B4B800097995 = {
			isa = PBXGroup;
			children = (
				8756B01627C0B4B800097995 /* Netflix Clone */,
				8756B01527C0B4B800097995 /* Products */,
			);
			sourceTree = "<group>";
		};
		8756B01527C0B4B800097995 /* Products */ = {
			isa = PBXGroup;
			children = (
				8756B01427C0B4B800097995 /* Netflix Clone.app */,
			);
			name = Products;
			sourceTree = "<group>";
		};
		8756B01627C0B4B800097995 /* Netflix Clone */ = {
			isa = PBXGroup;
			children = (
				8779833B27C16146005856A8 /* Managers */,
				8779833A27C16130005856A8 /* Resources */,
				8779833927C160BD005856A8 /* Models */,
				8779833727C16095005856A8 /* Views */,
				8779833827C160AA005856A8 /* ViewModels */,
				8756B02B27C0BECF00097995 /* Controllers */,
				8756B01727C0B4B800097995 /* AppDelegate.swift */,
				8756B01927C0B4B800097995 /* SceneDelegate.swift */,
				8756B01B27C0B4B800097995 /* MainTabBarViewController.swift */,
				8756B02027C0B4B900097995 /* Assets.xcassets */,
				8756B02227C0B4B900097995 /* LaunchScreen.storyboard */,
				8756B02527C0B4B900097995 /* Info.plist */,
			);
			path = "Netflix Clone";
			sourceTree = "<group>";
		};
		8756B02B27C0BECF00097995 /* Controllers */ = {
			isa = PBXGroup;
			children = (
				8756B02C27C0BEEB00097995 /* HomeViewController.swift */,
				8756B02E27C0BF3100097995 /* UpcomingViewController.swift */,
				8756B03027C0BF5D00097995 /* SearchViewController.swift */,
				8756B03227C0BFA700097995 /* DownloadsViewController.swift */,
			);
			path = Controllers;
			sourceTree = "<group>";
		};
		8779833727C16095005856A8 /* Views */ = {
			isa = PBXGroup;
			children = (
				8779833C27C1619C005856A8 /* CollectionViewTableViewCell.swift */,
				8779833E27C2121E005856A8 /* HeroHeaderUIView.swift */,
				87FCFF2E27DDA79A0064E76C /* TitileCollectionViewCell.swift */,
				87FCFF3527DFC6720064E76C /* TitleTableViewCell.swift */,
			);
			path = Views;
			sourceTree = "<group>";
		};
		8779833827C160AA005856A8 /* ViewModels */ = {
			isa = PBXGroup;
			children = (
				8708173E27E144C10015D5CE /*  TitleViewModel.swift */,
			);
			path = ViewModels;
			sourceTree = "<group>";
		};
		8779833927C160BD005856A8 /* Models */ = {
			isa = PBXGroup;
			children = (
				87A78F1C27D4929900020023 /* Title.swift */,
			);
			path = Models;
			sourceTree = "<group>";
		};
		8779833A27C16130005856A8 /* Resources */ = {
			isa = PBXGroup;
			children = (
				87A78F1E27D4CB9600020023 /* Extenshions.swift */,
			);
			path = Resources;
			sourceTree = "<group>";
		};
		8779833B27C16146005856A8 /* Managers */ = {
			isa = PBXGroup;
			children = (
				87DAD36227C6C22100AB806B /* APICaller.swift */,
			);
			path = Managers;
			sourceTree = "<group>";
		};
/* End PBXGroup section */

/* Begin PBXNativeTarget section */
		8756B01327C0B4B800097995 /* Netflix Clone */ = {
			isa = PBXNativeTarget;
			buildConfigurationList = 8756B02827C0B4B900097995 /* Build configuration list for PBXNativeTarget "Netflix Clone" */;
			buildPhases = (
				8756B01027C0B4B800097995 /* Sources */,
				8756B01127C0B4B800097995 /* Frameworks */,
				8756B01227C0B4B800097995 /* Resources */,
			);
			buildRules = (
			);
			dependencies = (
			);
			name = "Netflix Clone";
			packageProductDependencies = (
				87FCFF3127DDF72A0064E76C /* SDWebImage */,
				87FCFF3327DDF72A0064E76C /* SDWebImageMapKit */,
			);
			productName = "Netflix Clone";
			productReference = 8756B01427C0B4B800097995 /* Netflix Clone.app */;
			productType = "com.apple.product-type.application";
		};
/* End PBXNativeTarget section */

/* Begin PBXProject section */
		8756B00C27C0B4B800097995 /* Project object */ = {
			isa = PBXProject;
			attributes = {
				BuildIndependentTargetsInParallel = 1;
				LastSwiftUpdateCheck = 1300;
				LastUpgradeCheck = 1300;
				TargetAttributes = {
					8756B01327C0B4B800097995 = {
						CreatedOnToolsVersion = 13.0;
					};
				};
			};
			buildConfigurationList = 8756B00F27C0B4B800097995 /* Build configuration list for PBXProject "Netflix Clone" */;
			compatibilityVersion = "Xcode 13.0";
			developmentRegion = en;
			hasScannedForEncodings = 0;
			knownRegions = (
				en,
				Base,
			);
			mainGroup = 8756B00B27C0B4B800097995;
			packageReferences = (
				87FCFF3027DDF72A0064E76C /* XCRemoteSwiftPackageReference "SDWebImage" */,
			);
			productRefGroup = 8756B01527C0B4B800097995 /* Products */;
			projectDirPath = "";
			projectRoot = "";
			targets = (
				8756B01327C0B4B800097995 /* Netflix Clone */,
			);
		};
/* End PBXProject section */

/* Begin PBXResourcesBuildPhase section */
		8756B01227C0B4B800097995 /* Resources */ = {
			isa = PBXResourcesBuildPhase;
			buildActionMask = 2147483647;
			files = (
				8756B02427C0B4B900097995 /* LaunchScreen.storyboard in Resources */,
				8756B02127C0B4B900097995 /* Assets.xcassets in Resources */,
			);
			runOnlyForDeploymentPostprocessing = 0;
		};
/* End PBXResourcesBuildPhase section */

/* Begin PBXSourcesBuildPhase section */
		8756B01027C0B4B800097995 /* Sources */ = {
			isa = PBXSourcesBuildPhase;
			buildActionMask = 2147483647;
			files = (
				8756B03127C0BF5D00097995 /* SearchViewController.swift in Sources */,
				8756B01C27C0B4B800097995 /* MainTabBarViewController.swift in Sources */,
				8779833D27C1619C005856A8 /* CollectionViewTableViewCell.swift in Sources */,
				87DAD36327C6C22100AB806B /* APICaller.swift in Sources */,
				87A78F1F27D4CB9600020023 /* Extenshions.swift in Sources */,
				87FCFF3627DFC6720064E76C /* TitleTableViewCell.swift in Sources */,
				8779833F27C2121E005856A8 /* HeroHeaderUIView.swift in Sources */,
				87FCFF2F27DDA79A0064E76C /* TitileCollectionViewCell.swift in Sources */,
				8708173F27E144C10015D5CE /*  TitleViewModel.swift in Sources */,
				8756B03327C0BFA700097995 /* DownloadsViewController.swift in Sources */,
				8756B01827C0B4B800097995 /* AppDelegate.swift in Sources */,
				8756B01A27C0B4B800097995 /* SceneDelegate.swift in Sources */,
				8756B02F27C0BF3100097995 /* UpcomingViewController.swift in Sources */,
				87A78F1D27D4929900020023 /* Title.swift in Sources */,
				8756B02D27C0BEEB00097995 /* HomeViewController.swift in Sources */,
			);
			runOnlyForDeploymentPostprocessing = 0;
		};
/* End PBXSourcesBuildPhase section */

/* Begin PBXVariantGroup section */
		8756B02227C0B4B900097995 /* LaunchScreen.storyboard */ = {
			isa = PBXVariantGroup;
			children = (
				8756B02327C0B4B900097995 /* Base */,
			);
			name = LaunchScreen.storyboard;
			sourceTree = "<group>";
		};
/* End PBXVariantGroup section */

/* Begin XCBuildConfiguration section */
		8756B02627C0B4B900097995 /* Debug */ = {
			isa = XCBuildConfiguration;
			buildSettings = {
				ALWAYS_SEARCH_USER_PATHS = NO;
				CLANG_ANALYZER_NONNULL = YES;
				CLANG_ANALYZER_NUMBER_OBJECT_CONVERSION = YES_AGGRESSIVE;
				CLANG_CXX_LANGUAGE_STANDARD = "gnu++17";
				CLANG_CXX_LIBRARY = "libc++";
				CLANG_ENABLE_MODULES = YES;
				CLANG_ENABLE_OBJC_ARC = YES;
				CLANG_ENABLE_OBJC_WEAK = YES;
				CLANG_WARN_BLOCK_CAPTURE_AUTORELEASING = YES;
				CLANG_WARN_BOOL_CONVERSION = YES;
				CLANG_WARN_COMMA = YES;
				CLANG_WARN_CONSTANT_CONVERSION = YES;
				CLANG_WARN_DEPRECATED_OBJC_IMPLEMENTATIONS = YES;
				CLANG_WARN_DIRECT_OBJC_ISA_USAGE = YES_ERROR;
				CLANG_WARN_DOCUMENTATION_COMMENTS = YES;
				CLANG_WARN_EMPTY_BODY = YES;
				CLANG_WARN_ENUM_CONVERSION = YES;
				CLANG_WARN_INFINITE_RECURSION = YES;
				CLANG_WARN_INT_CONVERSION = YES;
				CLANG_WARN_NON_LITERAL_NULL_CONVERSION = YES;
				CLANG_WARN_OBJC_IMPLICIT_RETAIN_SELF = YES;
				CLANG_WARN_OBJC_LITERAL_CONVERSION = YES;
				CLANG_WARN_OBJC_ROOT_CLASS = YES_ERROR;
				CLANG_WARN_QUOTED_INCLUDE_IN_FRAMEWORK_HEADER = YES;
				CLANG_WARN_RANGE_LOOP_ANALYSIS = YES;
				CLANG_WARN_STRICT_PROTOTYPES = YES;
				CLANG_WARN_SUSPICIOUS_MOVE = YES;
				CLANG_WARN_UNGUARDED_AVAILABILITY = YES_AGGRESSIVE;
				CLANG_WARN_UNREACHABLE_CODE = YES;
				CLANG_WARN__DUPLICATE_METHOD_MATCH = YES;
				COPY_PHASE_STRIP = NO;
				DEBUG_INFORMATION_FORMAT = dwarf;
				ENABLE_STRICT_OBJC_MSGSEND = YES;
				ENABLE_TESTABILITY = YES;
				GCC_C_LANGUAGE_STANDARD = gnu11;
				GCC_DYNAMIC_NO_PIC = NO;
				GCC_NO_COMMON_BLOCKS = YES;
				GCC_OPTIMIZATION_LEVEL = 0;
				GCC_PREPROCESSOR_DEFINITIONS = (
					"DEBUG=1",
					"$(inherited)",
				);
				GCC_WARN_64_TO_32_BIT_CONVERSION = YES;
				GCC_WARN_ABOUT_RETURN_TYPE = YES_ERROR;
				GCC_WARN_UNDECLARED_SELECTOR = YES;
				GCC_WARN_UNINITIALIZED_AUTOS = YES_AGGRESSIVE;
				GCC_WARN_UNUSED_FUNCTION = YES;
				GCC_WARN_UNUSED_VARIABLE = YES;
				IPHONEOS_DEPLOYMENT_TARGET = 15.0;
				MTL_ENABLE_DEBUG_INFO = INCLUDE_SOURCE;
				MTL_FAST_MATH = YES;
				ONLY_ACTIVE_ARCH = YES;
				SDKROOT = iphoneos;
				SWIFT_ACTIVE_COMPILATION_CONDITIONS = DEBUG;
				SWIFT_OPTIMIZATION_LEVEL = "-Onone";
			};
			name = Debug;
		};
		8756B02727C0B4B900097995 /* Release */ = {
			isa = XCBuildConfiguration;
			buildSettings = {
				ALWAYS_SEARCH_USER_PATHS = NO;
				CLANG_ANALYZER_NONNULL = YES;
				CLANG_ANALYZER_NUMBER_OBJECT_CONVERSION = YES_AGGRESSIVE;
				CLANG_CXX_LANGUAGE_STANDARD = "gnu++17";
				CLANG_CXX_LIBRARY = "libc++";
				CLANG_ENABLE_MODULES = YES;
				CLANG_ENABLE_OBJC_ARC = YES;
				CLANG_ENABLE_OBJC_WEAK = YES;
				CLANG_WARN_BLOCK_CAPTURE_AUTORELEASING = YES;
				CLANG_WARN_BOOL_CONVERSION = YES;
				CLANG_WARN_COMMA = YES;
				CLANG_WARN_CONSTANT_CONVERSION = YES;
				CLANG_WARN_DEPRECATED_OBJC_IMPLEMENTATIONS = YES;
				CLANG_WARN_DIRECT_OBJC_ISA_USAGE = YES_ERROR;
				CLANG_WARN_DOCUMENTATION_COMMENTS = YES;
				CLANG_WARN_EMPTY_BODY = YES;
				CLANG_WARN_ENUM_CONVERSION = YES;
				CLANG_WARN_INFINITE_RECURSION = YES;
				CLANG_WARN_INT_CONVERSION = YES;
				CLANG_WARN_NON_LITERAL_NULL_CONVERSION = YES;
				CLANG_WARN_OBJC_IMPLICIT_RETAIN_SELF = YES;
				CLANG_WARN_OBJC_LITERAL_CONVERSION = YES;
				CLANG_WARN_OBJC_ROOT_CLASS = YES_ERROR;
				CLANG_WARN_QUOTED_INCLUDE_IN_FRAMEWORK_HEADER = YES;
				CLANG_WARN_RANGE_LOOP_ANALYSIS = YES;
				CLANG_WARN_STRICT_PROTOTYPES = YES;
				CLANG_WARN_SUSPICIOUS_MOVE = YES;
				CLANG_WARN_UNGUARDED_AVAILABILITY = YES_AGGRESSIVE;
				CLANG_WARN_UNREACHABLE_CODE = YES;
				CLANG_WARN__DUPLICATE_METHOD_MATCH = YES;
				COPY_PHASE_STRIP = NO;
				DEBUG_INFORMATION_FORMAT = "dwarf-with-dsym";
				ENABLE_NS_ASSERTIONS = NO;
				ENABLE_STRICT_OBJC_MSGSEND = YES;
				GCC_C_LANGUAGE_STANDARD = gnu11;
				GCC_NO_COMMON_BLOCKS = YES;
				GCC_WARN_64_TO_32_BIT_CONVERSION = YES;
				GCC_WARN_ABOUT_RETURN_TYPE = YES_ERROR;
				GCC_WARN_UNDECLARED_SELECTOR = YES;
				GCC_WARN_UNINITIALIZED_AUTOS = YES_AGGRESSIVE;
				GCC_WARN_UNUSED_FUNCTION = YES;
				GCC_WARN_UNUSED_VARIABLE = YES;
				IPHONEOS_DEPLOYMENT_TARGET = 15.0;
				MTL_ENABLE_DEBUG_INFO = NO;
				MTL_FAST_MATH = YES;
				SDKROOT = iphoneos;
				SWIFT_COMPILATION_MODE = wholemodule;
				SWIFT_OPTIMIZATION_LEVEL = "-O";
				VALIDATE_PRODUCT = YES;
			};
			name = Release;
		};
		8756B02927C0B4B900097995 /* Debug */ = {
			isa = XCBuildConfiguration;
			buildSettings = {
				ASSETCATALOG_COMPILER_APPICON_NAME = AppIcon;
				ASSETCATALOG_COMPILER_GLOBAL_ACCENT_COLOR_NAME = AccentColor;
				CODE_SIGN_STYLE = Automatic;
				CURRENT_PROJECT_VERSION = 1;
				DEVELOPMENT_TEAM = 5Z35FK4LT8;
				GENERATE_INFOPLIST_FILE = YES;
				INFOPLIST_FILE = "Netflix Clone/Info.plist";
				INFOPLIST_KEY_UIApplicationSupportsIndirectInputEvents = YES;
				INFOPLIST_KEY_UILaunchStoryboardName = LaunchScreen;
				INFOPLIST_KEY_UISupportedInterfaceOrientations_iPad = "UIInterfaceOrientationPortrait UIInterfaceOrientationPortraitUpsideDown UIInterfaceOrientationLandscapeLeft UIInterfaceOrientationLandscapeRight";
				INFOPLIST_KEY_UISupportedInterfaceOrientations_iPhone = "UIInterfaceOrientationPortrait UIInterfaceOrientationLandscapeLeft UIInterfaceOrientationLandscapeRight";
				LD_RUNPATH_SEARCH_PATHS = (
					"$(inherited)",
					"@executable_path/Frameworks",
				);
				MARKETING_VERSION = 1.0;
				PRODUCT_BUNDLE_IDENTIFIER = "manosov14.Netflix-Clone";
				PRODUCT_NAME = "$(TARGET_NAME)";
				SWIFT_EMIT_LOC_STRINGS = YES;
				SWIFT_VERSION = 5.0;
				TARGETED_DEVICE_FAMILY = "1,2";
			};
			name = Debug;
		};
		8756B02A27C0B4B900097995 /* Release */ = {
			isa = XCBuildConfiguration;
			buildSettings = {
				ASSETCATALOG_COMPILER_APPICON_NAME = AppIcon;
				ASSETCATALOG_COMPILER_GLOBAL_ACCENT_COLOR_NAME = AccentColor;
				CODE_SIGN_STYLE = Automatic;
				CURRENT_PROJECT_VERSION = 1;
				DEVELOPMENT_TEAM = 5Z35FK4LT8;
				GENERATE_INFOPLIST_FILE = YES;
				INFOPLIST_FILE = "Netflix Clone/Info.plist";
				INFOPLIST_KEY_UIApplicationSupportsIndirectInputEvents = YES;
				INFOPLIST_KEY_UILaunchStoryboardName = LaunchScreen;
				INFOPLIST_KEY_UISupportedInterfaceOrientations_iPad = "UIInterfaceOrientationPortrait UIInterfaceOrientationPortraitUpsideDown UIInterfaceOrientationLandscapeLeft UIInterfaceOrientationLandscapeRight";
				INFOPLIST_KEY_UISupportedInterfaceOrientations_iPhone = "UIInterfaceOrientationPortrait UIInterfaceOrientationLandscapeLeft UIInterfaceOrientationLandscapeRight";
				LD_RUNPATH_SEARCH_PATHS = (
					"$(inherited)",
					"@executable_path/Frameworks",
				);
				MARKETING_VERSION = 1.0;
				PRODUCT_BUNDLE_IDENTIFIER = "manosov14.Netflix-Clone";
				PRODUCT_NAME = "$(TARGET_NAME)";
				SWIFT_EMIT_LOC_STRINGS = YES;
				SWIFT_VERSION = 5.0;
				TARGETED_DEVICE_FAMILY = "1,2";
			};
			name = Release;
		};
/* End XCBuildConfiguration section */

/* Begin XCConfigurationList section */
		8756B00F27C0B4B800097995 /* Build configuration list for PBXProject "Netflix Clone" */ = {
			isa = XCConfigurationList;
			buildConfigurations = (
				8756B02627C0B4B900097995 /* Debug */,
				8756B02727C0B4B900097995 /* Release */,
			);
			defaultConfigurationIsVisible = 0;
			defaultConfigurationName = Release;
		};
		8756B02827C0B4B900097995 /* Build configuration list for PBXNativeTarget "Netflix Clone" */ = {
			isa = XCConfigurationList;
			buildConfigurations = (
				8756B02927C0B4B900097995 /* Debug */,
				8756B02A27C0B4B900097995 /* Release */,
			);
			defaultConfigurationIsVisible = 0;
			defaultConfigurationName = Release;
		};
/* End XCConfigurationList section */

/* Begin XCRemoteSwiftPackageReference section */
		87FCFF3027DDF72A0064E76C /* XCRemoteSwiftPackageReference "SDWebImage" */ = {
			isa = XCRemoteSwiftPackageReference;
			repositoryURL = "https://github.com/SDWebImage/SDWebImage.git";
			requirement = {
				branch = master;
				kind = branch;
			};
		};
/* End XCRemoteSwiftPackageReference section */

/* Begin XCSwiftPackageProductDependency section */
		87FCFF3127DDF72A0064E76C /* SDWebImage */ = {
			isa = XCSwiftPackageProductDependency;
			package = 87FCFF3027DDF72A0064E76C /* XCRemoteSwiftPackageReference "SDWebImage" */;
			productName = SDWebImage;
		};
		87FCFF3327DDF72A0064E76C /* SDWebImageMapKit */ = {
			isa = XCSwiftPackageProductDependency;
			package = 87FCFF3027DDF72A0064E76C /* XCRemoteSwiftPackageReference "SDWebImage" */;
			productName = SDWebImageMapKit;
		};
/* End XCSwiftPackageProductDependency section */
	};
	rootObject = 8756B00C27C0B4B800097995 /* Project object */;
}
